
Microsoft Visual Studio Solution File, Format Version 12.00
# Visual Studio Version 17
VisualStudioVersion = 17.0.31903.59
MinimumVisualStudioVersion = 10.0.40219.1
Project("{2150E333-8FDC-42A3-9474-1A3956D46DE8}") = "Data", "Data", "{339EFD6C-DB32-4DE9-BC12-C06A27F9EF0B}"
EndProject
Project("{9A19103F-16F7-4668-BE54-9A1E7A4F7556}") = "Notebook.Database", "Data\Notebook.Database\Notebook.Database.csproj", "{1BB339A0-FAA2-4891-8E21-608C8E3D5530}"
EndProject
Project("{2150E333-8FDC-42A3-9474-1A3956D46DE8}") = "View", "View", "{255B3FEB-1CF9-4D5F-8636-E41BCA34C975}"
EndProject
Project("{9A19103F-16F7-4668-BE54-9A1E7A4F7556}") = "Notebook.Web", "View\Notebook.Web\Notebook.Web.csproj", "{98E685A0-9452-4BDE-B403-914DA136065E}"
EndProject
Global
	GlobalSection(SolutionConfigurationPlatforms) = preSolution
		Debug|Any CPU = Debug|Any CPU
		Release|Any CPU = Release|Any CPU
	EndGlobalSection
	GlobalSection(ProjectConfigurationPlatforms) = postSolution
		{1BB339A0-FAA2-4891-8E21-608C8E3D5530}.Debug|Any CPU.ActiveCfg = Debug|Any CPU
		{1BB339A0-FAA2-4891-8E21-608C8E3D5530}.Debug|Any CPU.Build.0 = Debug|Any CPU
		{1BB339A0-FAA2-4891-8E21-608C8E3D5530}.Release|Any CPU.ActiveCfg = Release|Any CPU
		{1BB339A0-FAA2-4891-8E21-608C8E3D5530}.Release|Any CPU.Build.0 = Release|Any CPU
		{98E685A0-9452-4BDE-B403-914DA136065E}.Debug|Any CPU.ActiveCfg = Debug|Any CPU
		{98E685A0-9452-4BDE-B403-914DA136065E}.Debug|Any CPU.Build.0 = Debug|Any CPU
		{98E685A0-9452-4BDE-B403-914DA136065E}.Release|Any CPU.ActiveCfg = Release|Any CPU
		{98E685A0-9452-4BDE-B403-914DA136065E}.Release|Any CPU.Build.0 = Release|Any CPU
	EndGlobalSection
	GlobalSection(SolutionProperties) = preSolution
		HideSolutionNode = FALSE
	EndGlobalSection
	GlobalSection(NestedProjects) = preSolution
		{1BB339A0-FAA2-4891-8E21-608C8E3D5530} = {339EFD6C-DB32-4DE9-BC12-C06A27F9EF0B}
		{98E685A0-9452-4BDE-B403-914DA136065E} = {255B3FEB-1CF9-4D5F-8636-E41BCA34C975}
	EndGlobalSection
	GlobalSection(ExtensibilityGlobals) = postSolution
		SolutionGuid = {984C2251-D6DF-4F6D-9819-BC2CA187099C}
	EndGlobalSection
EndGlobal
